schema: '2.0'
stages:
  split:
    cmd: python src/data/1_data_split.py
    deps:
    - path: data/raw_data
      hash: md5
      md5: 07c3e28aa61d1f4ccd067c547f1d5998.dir
      size: 330732
      nfiles: 2
    - path: src/data/1_data_split.py
      hash: md5
      md5: 47b951b8f451102a41f0df9f5cf3fb7b
      size: 847
    outs:
    - path: data/processed_data/X_test.csv
      hash: md5
      md5: 1f6bf6678694f9f2b050d5d8448ece9c
      size: 65682
    - path: data/processed_data/X_train.csv
      hash: md5
      md5: 53f2c303c32c7d707ff7344cbec72899
      size: 196410
    - path: data/processed_data/y_test.csv
      hash: md5
      md5: c39177bed1cd915d0bec6ca04f4de262
      size: 8090
    - path: data/processed_data/y_train.csv
      hash: md5
      md5: c91d56cc35aff0a9c7e0b91ab882f9de
      size: 24317
